
Microsoft Visual Studio Solution File, Format Version 12.00
# Visual Studio Version 17
VisualStudioVersion = 17.3.32901.215
MinimumVisualStudioVersion = 10.0.40219.1
Project("{FAE04EC0-301F-11D3-BF4B-00C04F79EFBC}") = "MyFirstMVCAppSCAGT", "MyFirstMVCAppSCAGT.csproj", "{62D699CA-B91F-4C02-A24E-325D86BB695B}"
EndProject
Global
	GlobalSection(SolutionConfigurationPlatforms) = preSolution
		Debug|Any CPU = Debug|Any CPU
		Release|Any CPU = Release|Any CPU
	EndGlobalSection
	GlobalSection(ProjectConfigurationPlatforms) = postSolution
		{62D699CA-B91F-4C02-A24E-325D86BB695B}.Debug|Any CPU.ActiveCfg = Debug|Any CPU
		{62D699CA-B91F-4C02-A24E-325D86BB695B}.Debug|Any CPU.Build.0 = Debug|Any CPU
		{62D699CA-B91F-4C02-A24E-325D86BB695B}.Release|Any CPU.ActiveCfg = Release|Any CPU
		{62D699CA-B91F-4C02-A24E-325D86BB695B}.Release|Any CPU.Build.0 = Release|Any CPU
	EndGlobalSection
	GlobalSection(SolutionProperties) = preSolution
		HideSolutionNode = FALSE
	EndGlobalSection
	GlobalSection(ExtensibilityGlobals) = postSolution
		SolutionGuid = {70379053-0200-4DBC-89F0-1AEAFE734D22}
	EndGlobalSection
EndGlobal
